
Microsoft Visual Studio Solution File, Format Version 12.00
# Visual Studio Version 17
VisualStudioVersion = 17.3.32929.385
MinimumVisualStudioVersion = 10.0.40219.1
Project("{FAE04EC0-301F-11D3-BF4B-00C04F79EFBC}") = "ITMO.ADO2023.TestConnection", "ITMO.ADO2023.TestConnection\ITMO.ADO2023.TestConnection.csproj", "{A5B73288-7137-4488-8AA1-1BC14737074F}"
EndProject
Project("{FAE04EC0-301F-11D3-BF4B-00C04F79EFBC}") = "ITMO.ADO2023.Task01.Ex02", "ITMO.ADO2023.Task01\ITMO.ADO2023.Task01.Ex02\ITMO.ADO2023.Task01.Ex02.csproj", "{EC66C872-9283-4DB0-A003-9F1A4CB22670}"
EndProject
Project("{2150E333-8FDC-42A3-9474-1A3956D46DE8}") = "ITMO.ADO2023.Task01", "ITMO.ADO2023.Task01", "{D3FFF939-C1DD-4DF7-92AC-18D7448DC1EB}"
EndProject
Project("{FAE04EC0-301F-11D3-BF4B-00C04F79EFBC}") = "ITMO.ADO2023.Task01.Ex03", "ITMO.ADO2023.Task01\ITMO.ADO2023.Task01.Ex03\ITMO.ADO2023.Task01.Ex03.csproj", "{05929706-2DDB-4F8E-92F1-0DBBE5A60E67}"
EndProject
Project("{FAE04EC0-301F-11D3-BF4B-00C04F79EFBC}") = "ITMO.ADO2023.Task01.Ex04", "ITMO.ADO2023.Task01\ITMO.ADO2023.Task01.Ex04\ITMO.ADO2023.Task01.Ex04.csproj", "{6B74FFEE-4AA4-4CA3-BEEA-D9959B082803}"
EndProject
Project("{FAE04EC0-301F-11D3-BF4B-00C04F79EFBC}") = "ITMO.ADO2023.Task01.Ex05", "ITMO.ADO2023.Task01\ITMO.ADO2023.Task01.Ex05\ITMO.ADO2023.Task01.Ex05.csproj", "{AF12BEC3-A9B7-4D9D-9173-D3ADAC32317C}"
EndProject
Project("{2150E333-8FDC-42A3-9474-1A3956D46DE8}") = "ITMO.ADO2023.Task02", "ITMO.ADO2023.Task02", "{2F4F97F1-1C6A-4E1A-8233-5DCFAC6CA1FA}"
EndProject
Project("{FAE04EC0-301F-11D3-BF4B-00C04F79EFBC}") = "ITMO.ADO2023.Task02.Ex01", "ITMO.ADO2023.Task02\ITMO.ADO2023.Task02.Ex01\ITMO.ADO2023.Task02.Ex01.csproj", "{187F290A-F7B7-4E65-8B82-B3197DC0E402}"
EndProject
Project("{FAE04EC0-301F-11D3-BF4B-00C04F79EFBC}") = "ITMO.ADO2023.Task02.Ex02", "ITMO.ADO2023.Task02\ITMO.ADO2023.Task02.Ex02\ITMO.ADO2023.Task02.Ex02.csproj", "{29241CC3-913A-48E9-A29F-433F77DF3521}"
EndProject
Project("{FAE04EC0-301F-11D3-BF4B-00C04F79EFBC}") = "ITMO.ADO2023.Task02.Ex03", "ITMO.ADO2023.Task02\ITMO.ADO2023.Task02.Ex03\ITMO.ADO2023.Task02.Ex03.csproj", "{821F2249-C725-4C6F-9681-0E473C99B6BC}"
EndProject
Project("{2150E333-8FDC-42A3-9474-1A3956D46DE8}") = "ITMO.ADO2023.Task03", "ITMO.ADO2023.Task03", "{319129D3-25B4-4582-9FAE-AF67C1F093B3}"
EndProject
Project("{FAE04EC0-301F-11D3-BF4B-00C04F79EFBC}") = "ITMO.ADO2023.Task03.Ex01", "ITMO.ADO2023.Task03\ITMO.ADO2023.Task03.Ex01\ITMO.ADO2023.Task03.Ex01.csproj", "{3140CD5E-0515-4B95-B49E-5CF2CD944EC9}"
EndProject
Project("{2150E333-8FDC-42A3-9474-1A3956D46DE8}") = "ITMO.ADO2023.Task04", "ITMO.ADO2023.Task04", "{DF2D8FFF-6FCE-49C0-9F6C-9DD87D90BC21}"
EndProject
Project("{FAE04EC0-301F-11D3-BF4B-00C04F79EFBC}") = "ITMO.ADO2023.Task04.Ex01", "ITMO.ADO2023.Task04\ITMO.ADO2023.Task04.Ex01\ITMO.ADO2023.Task04.Ex01.csproj", "{23F44723-6EBB-4F62-9325-E7DEB8900F20}"
EndProject
Project("{FAE04EC0-301F-11D3-BF4B-00C04F79EFBC}") = "ITMO.ADO2023.Task04.Ex02", "ITMO.ADO2023.Task04\ITMO.ADO2023.Task04.Ex02\ITMO.ADO2023.Task04.Ex02.csproj", "{56019AAD-60C6-4D27-A8C0-DED0EE71FA51}"
EndProject
Project("{FAE04EC0-301F-11D3-BF4B-00C04F79EFBC}") = "ITMO.ADO2023.Task04.Ex03", "ITMO.ADO2023.Task04\ITMO.ADO2023.Task04.Ex03\ITMO.ADO2023.Task04.Ex03.csproj", "{EFA069C0-0FB0-4A43-9908-33D79F76F316}"
EndProject
Project("{FAE04EC0-301F-11D3-BF4B-00C04F79EFBC}") = "ITMO.ADO2023.Task04.Ex04", "ITMO.ADO2023.Task04\ITMO.ADO2023.Task04.Ex04\ITMO.ADO2023.Task04.Ex04.csproj", "{EE60A75C-7224-4C07-8D1A-754936F25960}"
EndProject
Project("{FAE04EC0-301F-11D3-BF4B-00C04F79EFBC}") = "ITMO.ADO2023.Task04.Ex05", "ITMO.ADO2023.Task04\ITMO.ADO2023.Task04.Ex05\ITMO.ADO2023.Task04.Ex05.csproj", "{ACF0068C-B93A-409B-B29F-D3BE5AEECDE7}"
EndProject
Project("{FAE04EC0-301F-11D3-BF4B-00C04F79EFBC}") = "ITMO.ADO2023.Task04.Ex06", "ITMO.ADO2023.Task04\ITMO.ADO2023.Task04.Ex06\ITMO.ADO2023.Task04.Ex06.csproj", "{ED4F8F4D-2AEA-450A-BB16-48159D84FD29}"
EndProject
Project("{2150E333-8FDC-42A3-9474-1A3956D46DE8}") = "ITMO.ADO2023.Task05", "ITMO.ADO2023.Task05", "{253AF173-6287-438B-84F4-89A92B071C0B}"
EndProject
Project("{FAE04EC0-301F-11D3-BF4B-00C04F79EFBC}") = "ITMO.ADO2023.Task05.Ex01", "ITMO.ADO2023.Task05\ITMO.ADO2023.Task05.Ex01\ITMO.ADO2023.Task05.Ex01.csproj", "{A718F5E1-98C2-4B0A-9CE4-7690EE8AA182}"
EndProject
Project("{FAE04EC0-301F-11D3-BF4B-00C04F79EFBC}") = "ITMO.ADO2023.Task05.Ex02", "ITMO.ADO2023.Task05\ITMO.ADO2023.Task05.Ex02\ITMO.ADO2023.Task05.Ex02.csproj", "{D95855F0-7BC8-44E7-9125-27F34A11712C}"
EndProject
Project("{FAE04EC0-301F-11D3-BF4B-00C04F79EFBC}") = "ITMO.ADO2023.Task05.Ex03", "ITMO.ADO2023.Task05\ITMO.ADO2023.Task05.Ex03\ITMO.ADO2023.Task05.Ex03.csproj", "{B3DDF5D0-FB62-4CBE-8820-1942718D371A}"
EndProject
Project("{FAE04EC0-301F-11D3-BF4B-00C04F79EFBC}") = "ITMO.ADO2023.Task05.Ex04", "ITMO.ADO2023.Task05\ITMO.ADO2023.Task05.Ex04\ITMO.ADO2023.Task05.Ex04.csproj", "{DAF6B5A3-6224-422F-93ED-B8E453FD24A8}"
EndProject
Project("{2150E333-8FDC-42A3-9474-1A3956D46DE8}") = "ITMO.ADO2023.Task07", "ITMO.ADO2023.Task07", "{C0A1B94A-3E59-403E-A7F7-28699C297B28}"
EndProject
Project("{FAE04EC0-301F-11D3-BF4B-00C04F79EFBC}") = "ITMO.ADO2023.Task07.Ex01", "ITMO.ADO2023.Task07\ITMO.ADO2023.Task07.Ex01\ITMO.ADO2023.Task07.Ex01.csproj", "{DC62AC45-6065-42B5-8B40-8DF6ED6E044A}"
EndProject
Project("{FAE04EC0-301F-11D3-BF4B-00C04F79EFBC}") = "ITMO.ADO2023.Task07.Ex02", "ITMO.ADO2023.Task07\ITMO.ADO2023.Task07.Ex02\ITMO.ADO2023.Task07.Ex02.csproj", "{33DDA7A8-D6E7-4F1B-A0AB-FA7DEA7F50BA}"
EndProject
Project("{FAE04EC0-301F-11D3-BF4B-00C04F79EFBC}") = "ITMO.ADO2023.Task07.Ex03", "ITMO.ADO2023.Task07\ITMO.ADO2023.Task07.Ex03\ITMO.ADO2023.Task07.Ex03.csproj", "{E81A4BEF-4B11-4A3B-AB50-1FA026481732}"
EndProject
Project("{FAE04EC0-301F-11D3-BF4B-00C04F79EFBC}") = "ITMO.ADO2023.Task07.Ex03_1", "ITMO.ADO2023.Task07\ITMO.ADO2023.Task07.Ex03_1\ITMO.ADO2023.Task07.Ex03_1.csproj", "{A234438C-5E06-4432-B85B-BADAAEE8E51F}"
EndProject
Project("{2150E333-8FDC-42A3-9474-1A3956D46DE8}") = "ITMO.ADO2023.Task09", "ITMO.ADO2023.Task09", "{C36AABBB-43EB-4951-BA8B-65E957F4BF11}"
EndProject
Project("{FAE04EC0-301F-11D3-BF4B-00C04F79EFBC}") = "ITMO.ADO2023.Task09.Ex01", "ITMO.ADO2023.Task09\ITMO.ADO2023.Task09.Ex01\ITMO.ADO2023.Task09.Ex01.csproj", "{02E3CE60-44BD-4609-B038-939C5FDCD226}"
EndProject
Project("{FAE04EC0-301F-11D3-BF4B-00C04F79EFBC}") = "ITMO.ADO2023.Task09.Ex01.CodeFirst", "ITMO.ADO2023.Task09\ITMO.ADO2023.Task09.Ex01.CodeFirst\ITMO.ADO2023.Task09.Ex01.CodeFirst.csproj", "{9E95870C-A698-46C7-98AA-BF5ECB33A3DE}"
EndProject
Project("{FAE04EC0-301F-11D3-BF4B-00C04F79EFBC}") = "ITMO.ADO2023.Task09.Ex03", "ITMO.ADO2023.Task09\ITMO.ADO2023.Task09.Ex03\ITMO.ADO2023.Task09.Ex03.csproj", "{212627DA-1CA1-42A8-94A9-4C4B7DF33AF7}"
EndProject
Project("{2150E333-8FDC-42A3-9474-1A3956D46DE8}") = "ITMO.ADO2023.FinalTask", "ITMO.ADO2023.FinalTask", "{99C3B456-6820-40AA-A5B3-0F11C23C542B}"
EndProject
Project("{FAE04EC0-301F-11D3-BF4B-00C04F79EFBC}") = "ITMO.ADO2023.FinalTask", "ITMO.ADO2023.FinalTask\ITMO.ADO2023.FinalTask.csproj", "{4136EF68-0D33-43CD-A7DA-A0E594FEB895}"
EndProject
Global
	GlobalSection(SolutionConfigurationPlatforms) = preSolution
		Debug|Any CPU = Debug|Any CPU
		Release|Any CPU = Release|Any CPU
	EndGlobalSection
	GlobalSection(ProjectConfigurationPlatforms) = postSolution
		{A5B73288-7137-4488-8AA1-1BC14737074F}.Debug|Any CPU.ActiveCfg = Debug|Any CPU
		{A5B73288-7137-4488-8AA1-1BC14737074F}.Debug|Any CPU.Build.0 = Debug|Any CPU
		{A5B73288-7137-4488-8AA1-1BC14737074F}.Release|Any CPU.ActiveCfg = Release|Any CPU
		{A5B73288-7137-4488-8AA1-1BC14737074F}.Release|Any CPU.Build.0 = Release|Any CPU
		{EC66C872-9283-4DB0-A003-9F1A4CB22670}.Debug|Any CPU.ActiveCfg = Debug|Any CPU
		{EC66C872-9283-4DB0-A003-9F1A4CB22670}.Debug|Any CPU.Build.0 = Debug|Any CPU
		{EC66C872-9283-4DB0-A003-9F1A4CB22670}.Release|Any CPU.ActiveCfg = Release|Any CPU
		{EC66C872-9283-4DB0-A003-9F1A4CB22670}.Release|Any CPU.Build.0 = Release|Any CPU
		{05929706-2DDB-4F8E-92F1-0DBBE5A60E67}.Debug|Any CPU.ActiveCfg = Debug|Any CPU
		{05929706-2DDB-4F8E-92F1-0DBBE5A60E67}.Debug|Any CPU.Build.0 = Debug|Any CPU
		{05929706-2DDB-4F8E-92F1-0DBBE5A60E67}.Release|Any CPU.ActiveCfg = Release|Any CPU
		{05929706-2DDB-4F8E-92F1-0DBBE5A60E67}.Release|Any CPU.Build.0 = Release|Any CPU
		{6B74FFEE-4AA4-4CA3-BEEA-D9959B082803}.Debug|Any CPU.ActiveCfg = Debug|Any CPU
		{6B74FFEE-4AA4-4CA3-BEEA-D9959B082803}.Debug|Any CPU.Build.0 = Debug|Any CPU
		{6B74FFEE-4AA4-4CA3-BEEA-D9959B082803}.Release|Any CPU.ActiveCfg = Release|Any CPU
		{6B74FFEE-4AA4-4CA3-BEEA-D9959B082803}.Release|Any CPU.Build.0 = Release|Any CPU
		{AF12BEC3-A9B7-4D9D-9173-D3ADAC32317C}.Debug|Any CPU.ActiveCfg = Debug|Any CPU
		{AF12BEC3-A9B7-4D9D-9173-D3ADAC32317C}.Debug|Any CPU.Build.0 = Debug|Any CPU
		{AF12BEC3-A9B7-4D9D-9173-D3ADAC32317C}.Release|Any CPU.ActiveCfg = Release|Any CPU
		{AF12BEC3-A9B7-4D9D-9173-D3ADAC32317C}.Release|Any CPU.Build.0 = Release|Any CPU
		{187F290A-F7B7-4E65-8B82-B3197DC0E402}.Debug|Any CPU.ActiveCfg = Debug|Any CPU
		{187F290A-F7B7-4E65-8B82-B3197DC0E402}.Debug|Any CPU.Build.0 = Debug|Any CPU
		{187F290A-F7B7-4E65-8B82-B3197DC0E402}.Release|Any CPU.ActiveCfg = Release|Any CPU
		{187F290A-F7B7-4E65-8B82-B3197DC0E402}.Release|Any CPU.Build.0 = Release|Any CPU
		{29241CC3-913A-48E9-A29F-433F77DF3521}.Debug|Any CPU.ActiveCfg = Debug|Any CPU
		{29241CC3-913A-48E9-A29F-433F77DF3521}.Debug|Any CPU.Build.0 = Debug|Any CPU
		{29241CC3-913A-48E9-A29F-433F77DF3521}.Release|Any CPU.ActiveCfg = Release|Any CPU
		{29241CC3-913A-48E9-A29F-433F77DF3521}.Release|Any CPU.Build.0 = Release|Any CPU
		{821F2249-C725-4C6F-9681-0E473C99B6BC}.Debug|Any CPU.ActiveCfg = Debug|Any CPU
		{821F2249-C725-4C6F-9681-0E473C99B6BC}.Debug|Any CPU.Build.0 = Debug|Any CPU
		{821F2249-C725-4C6F-9681-0E473C99B6BC}.Release|Any CPU.ActiveCfg = Release|Any CPU
		{821F2249-C725-4C6F-9681-0E473C99B6BC}.Release|Any CPU.Build.0 = Release|Any CPU
		{3140CD5E-0515-4B95-B49E-5CF2CD944EC9}.Debug|Any CPU.ActiveCfg = Debug|Any CPU
		{3140CD5E-0515-4B95-B49E-5CF2CD944EC9}.Debug|Any CPU.Build.0 = Debug|Any CPU
		{3140CD5E-0515-4B95-B49E-5CF2CD944EC9}.Release|Any CPU.ActiveCfg = Release|Any CPU
		{3140CD5E-0515-4B95-B49E-5CF2CD944EC9}.Release|Any CPU.Build.0 = Release|Any CPU
		{23F44723-6EBB-4F62-9325-E7DEB8900F20}.Debug|Any CPU.ActiveCfg = Debug|Any CPU
		{23F44723-6EBB-4F62-9325-E7DEB8900F20}.Debug|Any CPU.Build.0 = Debug|Any CPU
		{23F44723-6EBB-4F62-9325-E7DEB8900F20}.Release|Any CPU.ActiveCfg = Release|Any CPU
		{23F44723-6EBB-4F62-9325-E7DEB8900F20}.Release|Any CPU.Build.0 = Release|Any CPU
		{56019AAD-60C6-4D27-A8C0-DED0EE71FA51}.Debug|Any CPU.ActiveCfg = Debug|Any CPU
		{56019AAD-60C6-4D27-A8C0-DED0EE71FA51}.Debug|Any CPU.Build.0 = Debug|Any CPU
		{56019AAD-60C6-4D27-A8C0-DED0EE71FA51}.Release|Any CPU.ActiveCfg = Release|Any CPU
		{56019AAD-60C6-4D27-A8C0-DED0EE71FA51}.Release|Any CPU.Build.0 = Release|Any CPU
		{EFA069C0-0FB0-4A43-9908-33D79F76F316}.Debug|Any CPU.ActiveCfg = Debug|Any CPU
		{EFA069C0-0FB0-4A43-9908-33D79F76F316}.Debug|Any CPU.Build.0 = Debug|Any CPU
		{EFA069C0-0FB0-4A43-9908-33D79F76F316}.Release|Any CPU.ActiveCfg = Release|Any CPU
		{EFA069C0-0FB0-4A43-9908-33D79F76F316}.Release|Any CPU.Build.0 = Release|Any CPU
		{EE60A75C-7224-4C07-8D1A-754936F25960}.Debug|Any CPU.ActiveCfg = Debug|Any CPU
		{EE60A75C-7224-4C07-8D1A-754936F25960}.Debug|Any CPU.Build.0 = Debug|Any CPU
		{EE60A75C-7224-4C07-8D1A-754936F25960}.Release|Any CPU.ActiveCfg = Release|Any CPU
		{EE60A75C-7224-4C07-8D1A-754936F25960}.Release|Any CPU.Build.0 = Release|Any CPU
		{ACF0068C-B93A-409B-B29F-D3BE5AEECDE7}.Debug|Any CPU.ActiveCfg = Debug|Any CPU
		{ACF0068C-B93A-409B-B29F-D3BE5AEECDE7}.Debug|Any CPU.Build.0 = Debug|Any CPU
		{ACF0068C-B93A-409B-B29F-D3BE5AEECDE7}.Release|Any CPU.ActiveCfg = Release|Any CPU
		{ACF0068C-B93A-409B-B29F-D3BE5AEECDE7}.Release|Any CPU.Build.0 = Release|Any CPU
		{ED4F8F4D-2AEA-450A-BB16-48159D84FD29}.Debug|Any CPU.ActiveCfg = Debug|Any CPU
		{ED4F8F4D-2AEA-450A-BB16-48159D84FD29}.Debug|Any CPU.Build.0 = Debug|Any CPU
		{ED4F8F4D-2AEA-450A-BB16-48159D84FD29}.Release|Any CPU.ActiveCfg = Release|Any CPU
		{ED4F8F4D-2AEA-450A-BB16-48159D84FD29}.Release|Any CPU.Build.0 = Release|Any CPU
		{A718F5E1-98C2-4B0A-9CE4-7690EE8AA182}.Debug|Any CPU.ActiveCfg = Debug|Any CPU
		{A718F5E1-98C2-4B0A-9CE4-7690EE8AA182}.Debug|Any CPU.Build.0 = Debug|Any CPU
		{A718F5E1-98C2-4B0A-9CE4-7690EE8AA182}.Release|Any CPU.ActiveCfg = Release|Any CPU
		{A718F5E1-98C2-4B0A-9CE4-7690EE8AA182}.Release|Any CPU.Build.0 = Release|Any CPU
		{D95855F0-7BC8-44E7-9125-27F34A11712C}.Debug|Any CPU.ActiveCfg = Debug|Any CPU
		{D95855F0-7BC8-44E7-9125-27F34A11712C}.Debug|Any CPU.Build.0 = Debug|Any CPU
		{D95855F0-7BC8-44E7-9125-27F34A11712C}.Release|Any CPU.ActiveCfg = Release|Any CPU
		{D95855F0-7BC8-44E7-9125-27F34A11712C}.Release|Any CPU.Build.0 = Release|Any CPU
		{B3DDF5D0-FB62-4CBE-8820-1942718D371A}.Debug|Any CPU.ActiveCfg = Debug|Any CPU
		{B3DDF5D0-FB62-4CBE-8820-1942718D371A}.Debug|Any CPU.Build.0 = Debug|Any CPU
		{B3DDF5D0-FB62-4CBE-8820-1942718D371A}.Release|Any CPU.ActiveCfg = Release|Any CPU
		{B3DDF5D0-FB62-4CBE-8820-1942718D371A}.Release|Any CPU.Build.0 = Release|Any CPU
		{DAF6B5A3-6224-422F-93ED-B8E453FD24A8}.Debug|Any CPU.ActiveCfg = Debug|Any CPU
		{DAF6B5A3-6224-422F-93ED-B8E453FD24A8}.Debug|Any CPU.Build.0 = Debug|Any CPU
		{DAF6B5A3-6224-422F-93ED-B8E453FD24A8}.Release|Any CPU.ActiveCfg = Release|Any CPU
		{DAF6B5A3-6224-422F-93ED-B8E453FD24A8}.Release|Any CPU.Build.0 = Release|Any CPU
		{DC62AC45-6065-42B5-8B40-8DF6ED6E044A}.Debug|Any CPU.ActiveCfg = Debug|Any CPU
		{DC62AC45-6065-42B5-8B40-8DF6ED6E044A}.Debug|Any CPU.Build.0 = Debug|Any CPU
		{DC62AC45-6065-42B5-8B40-8DF6ED6E044A}.Release|Any CPU.ActiveCfg = Release|Any CPU
		{DC62AC45-6065-42B5-8B40-8DF6ED6E044A}.Release|Any CPU.Build.0 = Release|Any CPU
		{33DDA7A8-D6E7-4F1B-A0AB-FA7DEA7F50BA}.Debug|Any CPU.ActiveCfg = Debug|Any CPU
		{33DDA7A8-D6E7-4F1B-A0AB-FA7DEA7F50BA}.Debug|Any CPU.Build.0 = Debug|Any CPU
		{33DDA7A8-D6E7-4F1B-A0AB-FA7DEA7F50BA}.Release|Any CPU.ActiveCfg = Release|Any CPU
		{33DDA7A8-D6E7-4F1B-A0AB-FA7DEA7F50BA}.Release|Any CPU.Build.0 = Release|Any CPU
		{E81A4BEF-4B11-4A3B-AB50-1FA026481732}.Debug|Any CPU.ActiveCfg = Debug|Any CPU
		{E81A4BEF-4B11-4A3B-AB50-1FA026481732}.Debug|Any CPU.Build.0 = Debug|Any CPU
		{E81A4BEF-4B11-4A3B-AB50-1FA026481732}.Release|Any CPU.ActiveCfg = Release|Any CPU
		{E81A4BEF-4B11-4A3B-AB50-1FA026481732}.Release|Any CPU.Build.0 = Release|Any CPU
		{A234438C-5E06-4432-B85B-BADAAEE8E51F}.Debug|Any CPU.ActiveCfg = Debug|Any CPU
		{A234438C-5E06-4432-B85B-BADAAEE8E51F}.Debug|Any CPU.Build.0 = Debug|Any CPU
		{A234438C-5E06-4432-B85B-BADAAEE8E51F}.Release|Any CPU.ActiveCfg = Release|Any CPU
		{A234438C-5E06-4432-B85B-BADAAEE8E51F}.Release|Any CPU.Build.0 = Release|Any CPU
		{02E3CE60-44BD-4609-B038-939C5FDCD226}.Debug|Any CPU.ActiveCfg = Debug|Any CPU
		{02E3CE60-44BD-4609-B038-939C5FDCD226}.Debug|Any CPU.Build.0 = Debug|Any CPU
		{02E3CE60-44BD-4609-B038-939C5FDCD226}.Release|Any CPU.ActiveCfg = Release|Any CPU
		{02E3CE60-44BD-4609-B038-939C5FDCD226}.Release|Any CPU.Build.0 = Release|Any CPU
		{9E95870C-A698-46C7-98AA-BF5ECB33A3DE}.Debug|Any CPU.ActiveCfg = Debug|Any CPU
		{9E95870C-A698-46C7-98AA-BF5ECB33A3DE}.Debug|Any CPU.Build.0 = Debug|Any CPU
		{9E95870C-A698-46C7-98AA-BF5ECB33A3DE}.Release|Any CPU.ActiveCfg = Release|Any CPU
		{9E95870C-A698-46C7-98AA-BF5ECB33A3DE}.Release|Any CPU.Build.0 = Release|Any CPU
		{212627DA-1CA1-42A8-94A9-4C4B7DF33AF7}.Debug|Any CPU.ActiveCfg = Debug|Any CPU
		{212627DA-1CA1-42A8-94A9-4C4B7DF33AF7}.Debug|Any CPU.Build.0 = Debug|Any CPU
		{212627DA-1CA1-42A8-94A9-4C4B7DF33AF7}.Release|Any CPU.ActiveCfg = Release|Any CPU
		{212627DA-1CA1-42A8-94A9-4C4B7DF33AF7}.Release|Any CPU.Build.0 = Release|Any CPU
		{4136EF68-0D33-43CD-A7DA-A0E594FEB895}.Debug|Any CPU.ActiveCfg = Debug|Any CPU
		{4136EF68-0D33-43CD-A7DA-A0E594FEB895}.Debug|Any CPU.Build.0 = Debug|Any CPU
		{4136EF68-0D33-43CD-A7DA-A0E594FEB895}.Release|Any CPU.ActiveCfg = Release|Any CPU
		{4136EF68-0D33-43CD-A7DA-A0E594FEB895}.Release|Any CPU.Build.0 = Release|Any CPU
	EndGlobalSection
	GlobalSection(SolutionProperties) = preSolution
		HideSolutionNode = FALSE
	EndGlobalSection
	GlobalSection(NestedProjects) = preSolution
		{EC66C872-9283-4DB0-A003-9F1A4CB22670} = {D3FFF939-C1DD-4DF7-92AC-18D7448DC1EB}
		{05929706-2DDB-4F8E-92F1-0DBBE5A60E67} = {D3FFF939-C1DD-4DF7-92AC-18D7448DC1EB}
		{6B74FFEE-4AA4-4CA3-BEEA-D9959B082803} = {D3FFF939-C1DD-4DF7-92AC-18D7448DC1EB}
		{AF12BEC3-A9B7-4D9D-9173-D3ADAC32317C} = {D3FFF939-C1DD-4DF7-92AC-18D7448DC1EB}
		{187F290A-F7B7-4E65-8B82-B3197DC0E402} = {2F4F97F1-1C6A-4E1A-8233-5DCFAC6CA1FA}
		{29241CC3-913A-48E9-A29F-433F77DF3521} = {2F4F97F1-1C6A-4E1A-8233-5DCFAC6CA1FA}
		{821F2249-C725-4C6F-9681-0E473C99B6BC} = {2F4F97F1-1C6A-4E1A-8233-5DCFAC6CA1FA}
		{3140CD5E-0515-4B95-B49E-5CF2CD944EC9} = {319129D3-25B4-4582-9FAE-AF67C1F093B3}
		{23F44723-6EBB-4F62-9325-E7DEB8900F20} = {DF2D8FFF-6FCE-49C0-9F6C-9DD87D90BC21}
		{56019AAD-60C6-4D27-A8C0-DED0EE71FA51} = {DF2D8FFF-6FCE-49C0-9F6C-9DD87D90BC21}
		{EFA069C0-0FB0-4A43-9908-33D79F76F316} = {DF2D8FFF-6FCE-49C0-9F6C-9DD87D90BC21}
		{EE60A75C-7224-4C07-8D1A-754936F25960} = {DF2D8FFF-6FCE-49C0-9F6C-9DD87D90BC21}
		{ACF0068C-B93A-409B-B29F-D3BE5AEECDE7} = {DF2D8FFF-6FCE-49C0-9F6C-9DD87D90BC21}
		{ED4F8F4D-2AEA-450A-BB16-48159D84FD29} = {DF2D8FFF-6FCE-49C0-9F6C-9DD87D90BC21}
		{A718F5E1-98C2-4B0A-9CE4-7690EE8AA182} = {253AF173-6287-438B-84F4-89A92B071C0B}
		{D95855F0-7BC8-44E7-9125-27F34A11712C} = {253AF173-6287-438B-84F4-89A92B071C0B}
		{B3DDF5D0-FB62-4CBE-8820-1942718D371A} = {253AF173-6287-438B-84F4-89A92B071C0B}
		{DAF6B5A3-6224-422F-93ED-B8E453FD24A8} = {253AF173-6287-438B-84F4-89A92B071C0B}
		{DC62AC45-6065-42B5-8B40-8DF6ED6E044A} = {C0A1B94A-3E59-403E-A7F7-28699C297B28}
		{33DDA7A8-D6E7-4F1B-A0AB-FA7DEA7F50BA} = {C0A1B94A-3E59-403E-A7F7-28699C297B28}
		{E81A4BEF-4B11-4A3B-AB50-1FA026481732} = {C0A1B94A-3E59-403E-A7F7-28699C297B28}
		{A234438C-5E06-4432-B85B-BADAAEE8E51F} = {C0A1B94A-3E59-403E-A7F7-28699C297B28}
		{02E3CE60-44BD-4609-B038-939C5FDCD226} = {C36AABBB-43EB-4951-BA8B-65E957F4BF11}
		{9E95870C-A698-46C7-98AA-BF5ECB33A3DE} = {C36AABBB-43EB-4951-BA8B-65E957F4BF11}
		{212627DA-1CA1-42A8-94A9-4C4B7DF33AF7} = {C36AABBB-43EB-4951-BA8B-65E957F4BF11}
		{4136EF68-0D33-43CD-A7DA-A0E594FEB895} = {99C3B456-6820-40AA-A5B3-0F11C23C542B}
	EndGlobalSection
	GlobalSection(ExtensibilityGlobals) = postSolution
		SolutionGuid = {AE3E2C83-A37A-48DE-A800-759ADE1C9822}
	EndGlobalSection
EndGlobal
